
Microsoft Visual Studio Solution File, Format Version 12.00
# Visual Studio Version 17
VisualStudioVersion = 17.0.31912.275
MinimumVisualStudioVersion = 10.0.40219.1
Project("{FAE04EC0-301F-11D3-BF4B-00C04F79EFBC}") = "eXXcellent Challenge", "eXXcellent Challenge\eXXcellent Challenge.csproj", "{F5C4CD7E-88B4-4620-B963-BC09F8066696}"
EndProject
Global
	GlobalSection(SolutionConfigurationPlatforms) = preSolution
		Debug|Any CPU = Debug|Any CPU
		Release|Any CPU = Release|Any CPU
	EndGlobalSection
	GlobalSection(ProjectConfigurationPlatforms) = postSolution
		{F5C4CD7E-88B4-4620-B963-BC09F8066696}.Debug|Any CPU.ActiveCfg = Debug|Any CPU
		{F5C4CD7E-88B4-4620-B963-BC09F8066696}.Debug|Any CPU.Build.0 = Debug|Any CPU
		{F5C4CD7E-88B4-4620-B963-BC09F8066696}.Release|Any CPU.ActiveCfg = Release|Any CPU
		{F5C4CD7E-88B4-4620-B963-BC09F8066696}.Release|Any CPU.Build.0 = Release|Any CPU
	EndGlobalSection
	GlobalSection(SolutionProperties) = preSolution
		HideSolutionNode = FALSE
	EndGlobalSection
	GlobalSection(ExtensibilityGlobals) = postSolution
		SolutionGuid = {E69290FD-9D35-4946-9165-FE676BE00FDB}
	EndGlobalSection
EndGlobal
